
Microsoft Visual Studio Solution File, Format Version 12.00
# Visual Studio 15
VisualStudioVersion = 15.0.28307.271
MinimumVisualStudioVersion = 10.0.40219.1
Project("{FAE04EC0-301F-11D3-BF4B-00C04F79EFBC}") = "SoftwareSite", "SoftwareSite\SoftwareSite.csproj", "{56FA955A-742C-4C23-8ACF-03B410C7C3A2}"
EndProject
Global
	GlobalSection(SolutionConfigurationPlatforms) = preSolution
		Debug|Any CPU = Debug|Any CPU
		Release|Any CPU = Release|Any CPU
	EndGlobalSection
	GlobalSection(ProjectConfigurationPlatforms) = postSolution
		{56FA955A-742C-4C23-8ACF-03B410C7C3A2}.Debug|Any CPU.ActiveCfg = Debug|Any CPU
		{56FA955A-742C-4C23-8ACF-03B410C7C3A2}.Debug|Any CPU.Build.0 = Debug|Any CPU
		{56FA955A-742C-4C23-8ACF-03B410C7C3A2}.Release|Any CPU.ActiveCfg = Release|Any CPU
		{56FA955A-742C-4C23-8ACF-03B410C7C3A2}.Release|Any CPU.Build.0 = Release|Any CPU
	EndGlobalSection
	GlobalSection(SolutionProperties) = preSolution
		HideSolutionNode = FALSE
	EndGlobalSection
	GlobalSection(ExtensibilityGlobals) = postSolution
		SolutionGuid = {41C04DA1-1A53-45E8-909B-B8BB1AA14BFE}
	EndGlobalSection
EndGlobal
